
Microsoft Visual Studio Solution File, Format Version 12.00
# Visual Studio Version 16
VisualStudioVersion = 16.0.29411.108
MinimumVisualStudioVersion = 10.0.40219.1
Project("{FAE04EC0-301F-11D3-BF4B-00C04F79EFBC}") = "StochSolver", "StochSolver\StochSolver.csproj", "{5D416859-95D2-451C-A8CA-FA6E36125672}"
EndProject
Global
	GlobalSection(SolutionConfigurationPlatforms) = preSolution
		Debug|Any CPU = Debug|Any CPU
		Release|Any CPU = Release|Any CPU
	EndGlobalSection
	GlobalSection(ProjectConfigurationPlatforms) = postSolution
		{5D416859-95D2-451C-A8CA-FA6E36125672}.Debug|Any CPU.ActiveCfg = Debug|Any CPU
		{5D416859-95D2-451C-A8CA-FA6E36125672}.Debug|Any CPU.Build.0 = Debug|Any CPU
		{5D416859-95D2-451C-A8CA-FA6E36125672}.Release|Any CPU.ActiveCfg = Release|Any CPU
		{5D416859-95D2-451C-A8CA-FA6E36125672}.Release|Any CPU.Build.0 = Release|Any CPU
	EndGlobalSection
	GlobalSection(SolutionProperties) = preSolution
		HideSolutionNode = FALSE
	EndGlobalSection
	GlobalSection(ExtensibilityGlobals) = postSolution
		SolutionGuid = {0D5B5B01-0BA8-490E-AD1A-CD3BE8B311D3}
	EndGlobalSection
EndGlobal
